{
  "name": "qr.fr3nch.com",
  "lockfileVersion": 3,
  "requires": true,
  "packages": {
    "": {
      "dependencies": {
        "n": "^9.2.1"
      }
    },
    "node_modules/n": {
      "version": "9.2.1",
      "resolved": "https://registry.npmjs.org/n/-/n-9.2.1.tgz",
      "integrity": "sha512-+P/eoX6IvGmaQRTf8Ro1fc2LgUkyCV2JK3geP0v63AzwGYAXIXSPmwQ5Hgq9a3za89/5D5qbAWBFjv+Ri+QhAQ==",
      "os": [
        "!win32"
      ],
      "bin": {
        "n": "bin/n"
      },
      "engines": {
        "node": "*"
      }
    }
  }
}
